
Microsoft Visual Studio Solution File, Format Version 12.00
# Visual Studio Version 17
VisualStudioVersion = 17.7.34031.279
MinimumVisualStudioVersion = 10.0.40219.1
Project("{FAE04EC0-301F-11D3-BF4B-00C04F79EFBC}") = "SorterApp", "SorterApp\SorterApp.csproj", "{2992E510-F1CA-48B4-B563-51E461A3274D}"
EndProject
Global
	GlobalSection(SolutionConfigurationPlatforms) = preSolution
		Debug|Any CPU = Debug|Any CPU
		Release|Any CPU = Release|Any CPU
	EndGlobalSection
	GlobalSection(ProjectConfigurationPlatforms) = postSolution
		{2992E510-F1CA-48B4-B563-51E461A3274D}.Debug|Any CPU.ActiveCfg = Debug|Any CPU
		{2992E510-F1CA-48B4-B563-51E461A3274D}.Debug|Any CPU.Build.0 = Debug|Any CPU
		{2992E510-F1CA-48B4-B563-51E461A3274D}.Release|Any CPU.ActiveCfg = Release|Any CPU
		{2992E510-F1CA-48B4-B563-51E461A3274D}.Release|Any CPU.Build.0 = Release|Any CPU
	EndGlobalSection
	GlobalSection(SolutionProperties) = preSolution
		HideSolutionNode = FALSE
	EndGlobalSection
	GlobalSection(ExtensibilityGlobals) = postSolution
		SolutionGuid = {05977D77-7A79-4C6C-B680-A778A2D5180B}
	EndGlobalSection
EndGlobal
